// !$*UTF8*$!
{
	archiveVersion = 1;
	classes = {
	};
	objectVersion = 56;
	objects = {

/* Begin PBXBuildFile section */
		0A0D051C2A8B17CB00DC11D7 /* CourseDetail.swift in Sources */ = {isa = PBXBuildFile; fileRef = 0A0D051B2A8B17CB00DC11D7 /* CourseDetail.swift */; };
		0A0D051E2A8B223E00DC11D7 /* Category.swift in Sources */ = {isa = PBXBuildFile; fileRef = 0A0D051D2A8B223E00DC11D7 /* Category.swift */; };
		0A0D05202A8B25DC00DC11D7 /* DetailCategoryCollectionViewCell.swift in Sources */ = {isa = PBXBuildFile; fileRef = 0A0D051F2A8B25DC00DC11D7 /* DetailCategoryCollectionViewCell.swift */; };
		0A1EA7652A87659C0044CE89 /* ViewControllerExtension.swift in Sources */ = {isa = PBXBuildFile; fileRef = 0A1EA7642A87659C0044CE89 /* ViewControllerExtension.swift */; };
		0A530FC42A8A2DC400B66D0E /* DetailCourseViewController.swift in Sources */ = {isa = PBXBuildFile; fileRef = 0A530FC32A8A2DC400B66D0E /* DetailCourseViewController.swift */; };
		0A6115A32A89E6540065CFEC /* PaddingLabel.swift in Sources */ = {isa = PBXBuildFile; fileRef = 0A6115A22A89E6540065CFEC /* PaddingLabel.swift */; };
		0A6115A62A89F0500065CFEC /* Course.swift in Sources */ = {isa = PBXBuildFile; fileRef = 0A6115A52A89F0500065CFEC /* Course.swift */; };
		0A6115A82A89F87F0065CFEC /* CourseRegisterViewController.swift in Sources */ = {isa = PBXBuildFile; fileRef = 0A6115A72A89F87F0065CFEC /* CourseRegisterViewController.swift */; };
		0A9130E12A8A0EEE003EDF6E /* CategoryCollectionViewCell.swift in Sources */ = {isa = PBXBuildFile; fileRef = 0A9130E02A8A0EEE003EDF6E /* CategoryCollectionViewCell.swift */; };
		0AAAD3C62A8C8ADF006DF9FB /* LogoView.swift in Sources */ = {isa = PBXBuildFile; fileRef = 0AAAD3C52A8C8ADE006DF9FB /* LogoView.swift */; };
		0AAAD3C82A8C9517006DF9FB /* FriendTimeTableViewController.swift in Sources */ = {isa = PBXBuildFile; fileRef = 0AAAD3C72A8C9517006DF9FB /* FriendTimeTableViewController.swift */; };
		0AAAD3CA2A8CA768006DF9FB /* FindFriendTableViewCell.swift in Sources */ = {isa = PBXBuildFile; fileRef = 0AAAD3C92A8CA768006DF9FB /* FindFriendTableViewCell.swift */; };
		0AAAD3CC2A8CB0D8006DF9FB /* SettingCourseTimeViewController.swift in Sources */ = {isa = PBXBuildFile; fileRef = 0AAAD3CB2A8CB0D8006DF9FB /* SettingCourseTimeViewController.swift */; };
		0AAAD3CE2A8CC1DE006DF9FB /* TimeComponentTableViewCell.swift in Sources */ = {isa = PBXBuildFile; fileRef = 0AAAD3CD2A8CC1DE006DF9FB /* TimeComponentTableViewCell.swift */; };
		0AAAD3D02A8CF2A0006DF9FB /* BottomSheetUIView.swift in Sources */ = {isa = PBXBuildFile; fileRef = 0AAAD3CF2A8CF2A0006DF9FB /* BottomSheetUIView.swift */; };
		0AAAD3D32A8D0A32006DF9FB /* SetTimeCategoryCollectionViewCell.swift in Sources */ = {isa = PBXBuildFile; fileRef = 0AAAD3D22A8D0A32006DF9FB /* SetTimeCategoryCollectionViewCell.swift */; };
		0AAAD3D52A8D17EA006DF9FB /* ExtenStionUIColor.swift in Sources */ = {isa = PBXBuildFile; fileRef = 0AAAD3D42A8D17EA006DF9FB /* ExtenStionUIColor.swift */; };
		0AAAD3D72A8D3E35006DF9FB /* SelectDayViewController.swift in Sources */ = {isa = PBXBuildFile; fileRef = 0AAAD3D62A8D3E35006DF9FB /* SelectDayViewController.swift */; };
		0AAAD3DB2A8D43DA006DF9FB /* DataTransferDelegate.swift in Sources */ = {isa = PBXBuildFile; fileRef = 0AAAD3DA2A8D43DA006DF9FB /* DataTransferDelegate.swift */; };
		0AAAD3DD2A8D6A80006DF9FB /* CompleteCourseTableViewCell.swift in Sources */ = {isa = PBXBuildFile; fileRef = 0AAAD3DC2A8D6A80006DF9FB /* CompleteCourseTableViewCell.swift */; };
		0AAAD3DF2A8D701A006DF9FB /* CertificateViewController.swift in Sources */ = {isa = PBXBuildFile; fileRef = 0AAAD3DE2A8D701A006DF9FB /* CertificateViewController.swift */; };
		0AB0796D2A8B432E0066968B /* RegisterUserInfo.swift in Sources */ = {isa = PBXBuildFile; fileRef = 0AB0796C2A8B432E0066968B /* RegisterUserInfo.swift */; };
		0AB079702A8B44440066968B /* PostRegisterInfo.swift in Sources */ = {isa = PBXBuildFile; fileRef = 0AB0796F2A8B44440066968B /* PostRegisterInfo.swift */; };
		0AB079722A8B4D210066968B /* LoginUserInfo.swift in Sources */ = {isa = PBXBuildFile; fileRef = 0AB079712A8B4D210066968B /* LoginUserInfo.swift */; };
		0AB079742A8B4DCC0066968B /* PostLoginInfo.swift in Sources */ = {isa = PBXBuildFile; fileRef = 0AB079732A8B4DCC0066968B /* PostLoginInfo.swift */; };
		0AB079762A8BB7380066968B /* FriendTableViewCell.swift in Sources */ = {isa = PBXBuildFile; fileRef = 0AB079752A8BB7380066968B /* FriendTableViewCell.swift */; };
		0AB079782A8BC27D0066968B /* FriendRequestTableViewCell.swift in Sources */ = {isa = PBXBuildFile; fileRef = 0AB079772A8BC27D0066968B /* FriendRequestTableViewCell.swift */; };
		0AD19A632A88CF9800949315 /* APICaller.swift in Sources */ = {isa = PBXBuildFile; fileRef = 0AD19A622A88CF9800949315 /* APICaller.swift */; };
		0AD19A662A88D1B200949315 /* CourseTableViewCell.swift in Sources */ = {isa = PBXBuildFile; fileRef = 0AD19A652A88D1B200949315 /* CourseTableViewCell.swift */; };
		0AEA3BF82A8C59100002D70D /* MyFriendTableViewCell.swift in Sources */ = {isa = PBXBuildFile; fileRef = 0AEA3BF72A8C59100002D70D /* MyFriendTableViewCell.swift */; };
		0AEA3BFA2A8C5E100002D70D /* ScrollViewExtension.swift in Sources */ = {isa = PBXBuildFile; fileRef = 0AEA3BF92A8C5E100002D70D /* ScrollViewExtension.swift */; };
		0AEECC452A84740A003370A2 /* AppDelegate.swift in Sources */ = {isa = PBXBuildFile; fileRef = 0AEECC442A84740A003370A2 /* AppDelegate.swift */; };
		0AEECC472A84740A003370A2 /* SceneDelegate.swift in Sources */ = {isa = PBXBuildFile; fileRef = 0AEECC462A84740A003370A2 /* SceneDelegate.swift */; };
		0AEECC4C2A84740A003370A2 /* Main.storyboard in Resources */ = {isa = PBXBuildFile; fileRef = 0AEECC4A2A84740A003370A2 /* Main.storyboard */; };
		0AEECC4E2A84740A003370A2 /* Assets.xcassets in Resources */ = {isa = PBXBuildFile; fileRef = 0AEECC4D2A84740A003370A2 /* Assets.xcassets */; };
		0AEECC512A84740A003370A2 /* LaunchScreen.storyboard in Resources */ = {isa = PBXBuildFile; fileRef = 0AEECC4F2A84740A003370A2 /* LaunchScreen.storyboard */; };
		0AEECC5C2A847775003370A2 /* TapBarController.swift in Sources */ = {isa = PBXBuildFile; fileRef = 0AEECC5B2A847775003370A2 /* TapBarController.swift */; };
		0AEECC622A85BAFA003370A2 /* FriendsTabViewController.swift in Sources */ = {isa = PBXBuildFile; fileRef = 0AEECC612A85BAFA003370A2 /* FriendsTabViewController.swift */; };
		0AEECC642A85BB24003370A2 /* CalendarTabViewController.swift in Sources */ = {isa = PBXBuildFile; fileRef = 0AEECC632A85BB24003370A2 /* CalendarTabViewController.swift */; };
		0AEECC662A85BB38003370A2 /* CourseTableViewController.swift in Sources */ = {isa = PBXBuildFile; fileRef = 0AEECC652A85BB38003370A2 /* CourseTableViewController.swift */; };
		0AEECC682A85BB48003370A2 /* MyPageTabViewController.swift in Sources */ = {isa = PBXBuildFile; fileRef = 0AEECC672A85BB48003370A2 /* MyPageTabViewController.swift */; };
		0AEECC6A2A85BF4E003370A2 /* UIImageExtension.swift in Sources */ = {isa = PBXBuildFile; fileRef = 0AEECC692A85BF4E003370A2 /* UIImageExtension.swift */; };
		0AEECC6C2A85E100003370A2 /* LoginViewController.swift in Sources */ = {isa = PBXBuildFile; fileRef = 0AEECC6B2A85E100003370A2 /* LoginViewController.swift */; };
		0AEECC6E2A85E880003370A2 /* PaddingtextField.swift in Sources */ = {isa = PBXBuildFile; fileRef = 0AEECC6D2A85E880003370A2 /* PaddingtextField.swift */; };
		0AEECC702A85E99D003370A2 /* registerViewController.swift in Sources */ = {isa = PBXBuildFile; fileRef = 0AEECC6F2A85E99D003370A2 /* registerViewController.swift */; };
		D9E25DE8B761C7979A4245D1 /* libPods-JongGangTime.a in Frameworks */ = {isa = PBXBuildFile; fileRef = 9AB76D719915D3F808153B73 /* libPods-JongGangTime.a */; };
/* End PBXBuildFile section */

/* Begin PBXFileReference section */
		0A0D051B2A8B17CB00DC11D7 /* CourseDetail.swift */ = {isa = PBXFileReference; lastKnownFileType = sourcecode.swift; path = CourseDetail.swift; sourceTree = "<group>"; };
		0A0D051D2A8B223E00DC11D7 /* Category.swift */ = {isa = PBXFileReference; lastKnownFileType = sourcecode.swift; path = Category.swift; sourceTree = "<group>"; };
		0A0D051F2A8B25DC00DC11D7 /* DetailCategoryCollectionViewCell.swift */ = {isa = PBXFileReference; lastKnownFileType = sourcecode.swift; path = DetailCategoryCollectionViewCell.swift; sourceTree = "<group>"; };
		0A1EA7642A87659C0044CE89 /* ViewControllerExtension.swift */ = {isa = PBXFileReference; lastKnownFileType = sourcecode.swift; path = ViewControllerExtension.swift; sourceTree = "<group>"; };
		0A530FC32A8A2DC400B66D0E /* DetailCourseViewController.swift */ = {isa = PBXFileReference; lastKnownFileType = sourcecode.swift; path = DetailCourseViewController.swift; sourceTree = "<group>"; };
		0A6115A22A89E6540065CFEC /* PaddingLabel.swift */ = {isa = PBXFileReference; lastKnownFileType = sourcecode.swift; path = PaddingLabel.swift; sourceTree = "<group>"; };
		0A6115A52A89F0500065CFEC /* Course.swift */ = {isa = PBXFileReference; lastKnownFileType = sourcecode.swift; path = Course.swift; sourceTree = "<group>"; };
		0A6115A72A89F87F0065CFEC /* CourseRegisterViewController.swift */ = {isa = PBXFileReference; lastKnownFileType = sourcecode.swift; path = CourseRegisterViewController.swift; sourceTree = "<group>"; };
		0A9130E02A8A0EEE003EDF6E /* CategoryCollectionViewCell.swift */ = {isa = PBXFileReference; lastKnownFileType = sourcecode.swift; path = CategoryCollectionViewCell.swift; sourceTree = "<group>"; };
		0AAAD3C52A8C8ADE006DF9FB /* LogoView.swift */ = {isa = PBXFileReference; lastKnownFileType = sourcecode.swift; path = LogoView.swift; sourceTree = "<group>"; };
		0AAAD3C72A8C9517006DF9FB /* FriendTimeTableViewController.swift */ = {isa = PBXFileReference; lastKnownFileType = sourcecode.swift; path = FriendTimeTableViewController.swift; sourceTree = "<group>"; };
		0AAAD3C92A8CA768006DF9FB /* FindFriendTableViewCell.swift */ = {isa = PBXFileReference; lastKnownFileType = sourcecode.swift; path = FindFriendTableViewCell.swift; sourceTree = "<group>"; };
		0AAAD3CB2A8CB0D8006DF9FB /* SettingCourseTimeViewController.swift */ = {isa = PBXFileReference; lastKnownFileType = sourcecode.swift; path = SettingCourseTimeViewController.swift; sourceTree = "<group>"; };
		0AAAD3CD2A8CC1DE006DF9FB /* TimeComponentTableViewCell.swift */ = {isa = PBXFileReference; lastKnownFileType = sourcecode.swift; path = TimeComponentTableViewCell.swift; sourceTree = "<group>"; };
		0AAAD3CF2A8CF2A0006DF9FB /* BottomSheetUIView.swift */ = {isa = PBXFileReference; lastKnownFileType = sourcecode.swift; path = BottomSheetUIView.swift; sourceTree = "<group>"; };
		0AAAD3D22A8D0A32006DF9FB /* SetTimeCategoryCollectionViewCell.swift */ = {isa = PBXFileReference; lastKnownFileType = sourcecode.swift; path = SetTimeCategoryCollectionViewCell.swift; sourceTree = "<group>"; };
		0AAAD3D42A8D17EA006DF9FB /* ExtenStionUIColor.swift */ = {isa = PBXFileReference; lastKnownFileType = sourcecode.swift; path = ExtenStionUIColor.swift; sourceTree = "<group>"; };
		0AAAD3D62A8D3E35006DF9FB /* SelectDayViewController.swift */ = {isa = PBXFileReference; lastKnownFileType = sourcecode.swift; path = SelectDayViewController.swift; sourceTree = "<group>"; };
		0AAAD3DA2A8D43DA006DF9FB /* DataTransferDelegate.swift */ = {isa = PBXFileReference; lastKnownFileType = sourcecode.swift; path = DataTransferDelegate.swift; sourceTree = "<group>"; };
		0AAAD3DC2A8D6A80006DF9FB /* CompleteCourseTableViewCell.swift */ = {isa = PBXFileReference; lastKnownFileType = sourcecode.swift; path = CompleteCourseTableViewCell.swift; sourceTree = "<group>"; };
		0AAAD3DE2A8D701A006DF9FB /* CertificateViewController.swift */ = {isa = PBXFileReference; lastKnownFileType = sourcecode.swift; path = CertificateViewController.swift; sourceTree = "<group>"; };
		0AB0796C2A8B432E0066968B /* RegisterUserInfo.swift */ = {isa = PBXFileReference; lastKnownFileType = sourcecode.swift; path = RegisterUserInfo.swift; sourceTree = "<group>"; };
		0AB0796F2A8B44440066968B /* PostRegisterInfo.swift */ = {isa = PBXFileReference; lastKnownFileType = sourcecode.swift; path = PostRegisterInfo.swift; sourceTree = "<group>"; };
		0AB079712A8B4D210066968B /* LoginUserInfo.swift */ = {isa = PBXFileReference; lastKnownFileType = sourcecode.swift; path = LoginUserInfo.swift; sourceTree = "<group>"; };
		0AB079732A8B4DCC0066968B /* PostLoginInfo.swift */ = {isa = PBXFileReference; lastKnownFileType = sourcecode.swift; path = PostLoginInfo.swift; sourceTree = "<group>"; };
		0AB079752A8BB7380066968B /* FriendTableViewCell.swift */ = {isa = PBXFileReference; lastKnownFileType = sourcecode.swift; path = FriendTableViewCell.swift; sourceTree = "<group>"; };
		0AB079772A8BC27D0066968B /* FriendRequestTableViewCell.swift */ = {isa = PBXFileReference; lastKnownFileType = sourcecode.swift; path = FriendRequestTableViewCell.swift; sourceTree = "<group>"; };
		0AD19A622A88CF9800949315 /* APICaller.swift */ = {isa = PBXFileReference; lastKnownFileType = sourcecode.swift; path = APICaller.swift; sourceTree = "<group>"; };
		0AD19A652A88D1B200949315 /* CourseTableViewCell.swift */ = {isa = PBXFileReference; lastKnownFileType = sourcecode.swift; path = CourseTableViewCell.swift; sourceTree = "<group>"; };
		0AEA3BF72A8C59100002D70D /* MyFriendTableViewCell.swift */ = {isa = PBXFileReference; lastKnownFileType = sourcecode.swift; path = MyFriendTableViewCell.swift; sourceTree = "<group>"; };
		0AEA3BF92A8C5E100002D70D /* ScrollViewExtension.swift */ = {isa = PBXFileReference; lastKnownFileType = sourcecode.swift; path = ScrollViewExtension.swift; sourceTree = "<group>"; };
		0AEECC412A84740A003370A2 /* JongGangTime.app */ = {isa = PBXFileReference; explicitFileType = wrapper.application; includeInIndex = 0; path = JongGangTime.app; sourceTree = BUILT_PRODUCTS_DIR; };
		0AEECC442A84740A003370A2 /* AppDelegate.swift */ = {isa = PBXFileReference; lastKnownFileType = sourcecode.swift; path = AppDelegate.swift; sourceTree = "<group>"; };
		0AEECC462A84740A003370A2 /* SceneDelegate.swift */ = {isa = PBXFileReference; lastKnownFileType = sourcecode.swift; path = SceneDelegate.swift; sourceTree = "<group>"; };
		0AEECC4B2A84740A003370A2 /* Base */ = {isa = PBXFileReference; lastKnownFileType = file.storyboard; name = Base; path = Base.lproj/Main.storyboard; sourceTree = "<group>"; };
		0AEECC4D2A84740A003370A2 /* Assets.xcassets */ = {isa = PBXFileReference; lastKnownFileType = folder.assetcatalog; path = Assets.xcassets; sourceTree = "<group>"; };
		0AEECC502A84740A003370A2 /* Base */ = {isa = PBXFileReference; lastKnownFileType = file.storyboard; name = Base; path = Base.lproj/LaunchScreen.storyboard; sourceTree = "<group>"; };
		0AEECC522A84740A003370A2 /* Info.plist */ = {isa = PBXFileReference; lastKnownFileType = text.plist.xml; path = Info.plist; sourceTree = "<group>"; };
		0AEECC5B2A847775003370A2 /* TapBarController.swift */ = {isa = PBXFileReference; lastKnownFileType = sourcecode.swift; path = TapBarController.swift; sourceTree = "<group>"; };
		0AEECC612A85BAFA003370A2 /* FriendsTabViewController.swift */ = {isa = PBXFileReference; lastKnownFileType = sourcecode.swift; path = FriendsTabViewController.swift; sourceTree = "<group>"; };
		0AEECC632A85BB24003370A2 /* CalendarTabViewController.swift */ = {isa = PBXFileReference; lastKnownFileType = sourcecode.swift; path = CalendarTabViewController.swift; sourceTree = "<group>"; };
		0AEECC652A85BB38003370A2 /* CourseTableViewController.swift */ = {isa = PBXFileReference; lastKnownFileType = sourcecode.swift; path = CourseTableViewController.swift; sourceTree = "<group>"; };
		0AEECC672A85BB48003370A2 /* MyPageTabViewController.swift */ = {isa = PBXFileReference; lastKnownFileType = sourcecode.swift; path = MyPageTabViewController.swift; sourceTree = "<group>"; };
		0AEECC692A85BF4E003370A2 /* UIImageExtension.swift */ = {isa = PBXFileReference; lastKnownFileType = sourcecode.swift; path = UIImageExtension.swift; sourceTree = "<group>"; };
		0AEECC6B2A85E100003370A2 /* LoginViewController.swift */ = {isa = PBXFileReference; lastKnownFileType = sourcecode.swift; path = LoginViewController.swift; sourceTree = "<group>"; };
		0AEECC6D2A85E880003370A2 /* PaddingtextField.swift */ = {isa = PBXFileReference; lastKnownFileType = sourcecode.swift; path = PaddingtextField.swift; sourceTree = "<group>"; };
		0AEECC6F2A85E99D003370A2 /* registerViewController.swift */ = {isa = PBXFileReference; lastKnownFileType = sourcecode.swift; path = registerViewController.swift; sourceTree = "<group>"; };
		2D955AA1CCC50F3AB293A27D /* Pods-JongGangTime.debug.xcconfig */ = {isa = PBXFileReference; includeInIndex = 1; lastKnownFileType = text.xcconfig; name = "Pods-JongGangTime.debug.xcconfig"; path = "Target Support Files/Pods-JongGangTime/Pods-JongGangTime.debug.xcconfig"; sourceTree = "<group>"; };
		80CE2A5C1D57F178BFED0809 /* Pods-JongGangTime.release.xcconfig */ = {isa = PBXFileReference; includeInIndex = 1; lastKnownFileType = text.xcconfig; name = "Pods-JongGangTime.release.xcconfig"; path = "Target Support Files/Pods-JongGangTime/Pods-JongGangTime.release.xcconfig"; sourceTree = "<group>"; };
		9AB76D719915D3F808153B73 /* libPods-JongGangTime.a */ = {isa = PBXFileReference; explicitFileType = archive.ar; includeInIndex = 0; path = "libPods-JongGangTime.a"; sourceTree = BUILT_PRODUCTS_DIR; };
/* End PBXFileReference section */

/* Begin PBXFrameworksBuildPhase section */
		0AEECC3E2A847409003370A2 /* Frameworks */ = {
			isa = PBXFrameworksBuildPhase;
			buildActionMask = 2147483647;
			files = (
				D9E25DE8B761C7979A4245D1 /* libPods-JongGangTime.a in Frameworks */,
			);
			runOnlyForDeploymentPostprocessing = 0;
		};
/* End PBXFrameworksBuildPhase section */

/* Begin PBXGroup section */
		0A6115A42A89F02D0065CFEC /* DataClasses */ = {
			isa = PBXGroup;
			children = (
				0A6115A52A89F0500065CFEC /* Course.swift */,
				0A0D051B2A8B17CB00DC11D7 /* CourseDetail.swift */,
				0A0D051D2A8B223E00DC11D7 /* Category.swift */,
				0AB0796C2A8B432E0066968B /* RegisterUserInfo.swift */,
				0AB079712A8B4D210066968B /* LoginUserInfo.swift */,
			);
			path = DataClasses;
			sourceTree = "<group>";
		};
		0AAAD3C42A8C8AC0006DF9FB /* Others */ = {
			isa = PBXGroup;
			children = (
				0AAAD3C52A8C8ADE006DF9FB /* LogoView.swift */,
			);
			path = Others;
			sourceTree = "<group>";
		};
		0AAAD3D12A8D09DE006DF9FB /* CollectionViewCells */ = {
			isa = PBXGroup;
			children = (
				0A9130E02A8A0EEE003EDF6E /* CategoryCollectionViewCell.swift */,
				0AAAD3D22A8D0A32006DF9FB /* SetTimeCategoryCollectionViewCell.swift */,
			);
			path = CollectionViewCells;
			sourceTree = "<group>";
		};
		0AB0796E2A8B44110066968B /* APIData */ = {
			isa = PBXGroup;
			children = (
				0AB0796F2A8B44440066968B /* PostRegisterInfo.swift */,
				0AB079732A8B4DCC0066968B /* PostLoginInfo.swift */,
			);
			path = APIData;
			sourceTree = "<group>";
		};
		0AD19A612A88CF6100949315 /* APICallers */ = {
			isa = PBXGroup;
			children = (
				0AD19A622A88CF9800949315 /* APICaller.swift */,
			);
			path = APICallers;
			sourceTree = "<group>";
		};
		0AD19A642A88D18D00949315 /* TableViewCells */ = {
			isa = PBXGroup;
			children = (
				0AD19A652A88D1B200949315 /* CourseTableViewCell.swift */,
				0A0D051F2A8B25DC00DC11D7 /* DetailCategoryCollectionViewCell.swift */,
				0AB079752A8BB7380066968B /* FriendTableViewCell.swift */,
				0AB079772A8BC27D0066968B /* FriendRequestTableViewCell.swift */,
				0AEA3BF72A8C59100002D70D /* MyFriendTableViewCell.swift */,
				0AAAD3C92A8CA768006DF9FB /* FindFriendTableViewCell.swift */,
				0AAAD3CD2A8CC1DE006DF9FB /* TimeComponentTableViewCell.swift */,
				0AAAD3DC2A8D6A80006DF9FB /* CompleteCourseTableViewCell.swift */,
			);
			path = TableViewCells;
			sourceTree = "<group>";
		};
		0AEECC382A847409003370A2 = {
			isa = PBXGroup;
			children = (
				0AEECC432A84740A003370A2 /* JongGangTime */,
				0AEECC422A84740A003370A2 /* Products */,
				92632CA54D0D6A57A91AF43E /* Pods */,
				AE303A1137F206ABE2AB119A /* Frameworks */,
			);
			sourceTree = "<group>";
		};
		0AEECC422A84740A003370A2 /* Products */ = {
			isa = PBXGroup;
			children = (
				0AEECC412A84740A003370A2 /* JongGangTime.app */,
			);
			name = Products;
			sourceTree = "<group>";
		};
		0AEECC432A84740A003370A2 /* JongGangTime */ = {
			isa = PBXGroup;
			children = (
				0AAAD3C42A8C8AC0006DF9FB /* Others */,
				0AB0796E2A8B44110066968B /* APIData */,
				0A6115A42A89F02D0065CFEC /* DataClasses */,
				0AAAD3D12A8D09DE006DF9FB /* CollectionViewCells */,
				0AD19A642A88D18D00949315 /* TableViewCells */,
				0AD19A612A88CF6100949315 /* APICallers */,
				0AEECC5A2A8476B9003370A2 /* CustomViews */,
				0AEECC592A8476A5003370A2 /* ExtensionAndProtocols */,
				0AEECC582A847698003370A2 /* ViewControllers */,
				0AEECC442A84740A003370A2 /* AppDelegate.swift */,
				0AEECC462A84740A003370A2 /* SceneDelegate.swift */,
				0AEECC4A2A84740A003370A2 /* Main.storyboard */,
				0AEECC4D2A84740A003370A2 /* Assets.xcassets */,
				0AEECC4F2A84740A003370A2 /* LaunchScreen.storyboard */,
				0AEECC522A84740A003370A2 /* Info.plist */,
			);
			path = JongGangTime;
			sourceTree = "<group>";
		};
		0AEECC582A847698003370A2 /* ViewControllers */ = {
			isa = PBXGroup;
			children = (
				0AEECC5B2A847775003370A2 /* TapBarController.swift */,
				0AEECC632A85BB24003370A2 /* CalendarTabViewController.swift */,
				0AEECC652A85BB38003370A2 /* CourseTableViewController.swift */,
				0AEECC612A85BAFA003370A2 /* FriendsTabViewController.swift */,
				0AEECC672A85BB48003370A2 /* MyPageTabViewController.swift */,
				0AEECC6B2A85E100003370A2 /* LoginViewController.swift */,
				0AEECC6F2A85E99D003370A2 /* registerViewController.swift */,
				0A6115A72A89F87F0065CFEC /* CourseRegisterViewController.swift */,
				0A530FC32A8A2DC400B66D0E /* DetailCourseViewController.swift */,
				0AAAD3C72A8C9517006DF9FB /* FriendTimeTableViewController.swift */,
				0AAAD3CB2A8CB0D8006DF9FB /* SettingCourseTimeViewController.swift */,
				0AAAD3D62A8D3E35006DF9FB /* SelectDayViewController.swift */,
				0AAAD3DE2A8D701A006DF9FB /* CertificateViewController.swift */,
			);
			path = ViewControllers;
			sourceTree = "<group>";
		};
		0AEECC592A8476A5003370A2 /* ExtensionAndProtocols */ = {
			isa = PBXGroup;
			children = (
				0AEECC692A85BF4E003370A2 /* UIImageExtension.swift */,
				0A1EA7642A87659C0044CE89 /* ViewControllerExtension.swift */,
				0AEA3BF92A8C5E100002D70D /* ScrollViewExtension.swift */,
				0AAAD3D42A8D17EA006DF9FB /* ExtenStionUIColor.swift */,
				0AAAD3DA2A8D43DA006DF9FB /* DataTransferDelegate.swift */,
			);
			path = ExtensionAndProtocols;
			sourceTree = "<group>";
		};
		0AEECC5A2A8476B9003370A2 /* CustomViews */ = {
			isa = PBXGroup;
			children = (
				0AEECC6D2A85E880003370A2 /* PaddingtextField.swift */,
				0A6115A22A89E6540065CFEC /* PaddingLabel.swift */,
				0AAAD3CF2A8CF2A0006DF9FB /* BottomSheetUIView.swift */,
			);
			path = CustomViews;
			sourceTree = "<group>";
		};
		92632CA54D0D6A57A91AF43E /* Pods */ = {
			isa = PBXGroup;
			children = (
				2D955AA1CCC50F3AB293A27D /* Pods-JongGangTime.debug.xcconfig */,
				80CE2A5C1D57F178BFED0809 /* Pods-JongGangTime.release.xcconfig */,
			);
			path = Pods;
			sourceTree = "<group>";
		};
		AE303A1137F206ABE2AB119A /* Frameworks */ = {
			isa = PBXGroup;
			children = (
				9AB76D719915D3F808153B73 /* libPods-JongGangTime.a */,
			);
			name = Frameworks;
			sourceTree = "<group>";
		};
/* End PBXGroup section */

/* Begin PBXNativeTarget section */
		0AEECC402A847409003370A2 /* JongGangTime */ = {
			isa = PBXNativeTarget;
			buildConfigurationList = 0AEECC552A84740A003370A2 /* Build configuration list for PBXNativeTarget "JongGangTime" */;
			buildPhases = (
				BE53157C76D8D1D0B3725A96 /* [CP] Check Pods Manifest.lock */,
				0AEECC3D2A847409003370A2 /* Sources */,
				0AEECC3E2A847409003370A2 /* Frameworks */,
				0AEECC3F2A847409003370A2 /* Resources */,
			);
			buildRules = (
			);
			dependencies = (
			);
			name = JongGangTime;
			productName = JongGangTime;
			productReference = 0AEECC412A84740A003370A2 /* JongGangTime.app */;
			productType = "com.apple.product-type.application";
		};
/* End PBXNativeTarget section */

/* Begin PBXProject section */
		0AEECC392A847409003370A2 /* Project object */ = {
			isa = PBXProject;
			attributes = {
				BuildIndependentTargetsInParallel = 1;
				LastSwiftUpdateCheck = 1430;
				LastUpgradeCheck = 1430;
				TargetAttributes = {
					0AEECC402A847409003370A2 = {
						CreatedOnToolsVersion = 14.3.1;
					};
				};
			};
			buildConfigurationList = 0AEECC3C2A847409003370A2 /* Build configuration list for PBXProject "JongGangTime" */;
			compatibilityVersion = "Xcode 14.0";
			developmentRegion = en;
			hasScannedForEncodings = 0;
			knownRegions = (
				en,
				Base,
			);
			mainGroup = 0AEECC382A847409003370A2;
			productRefGroup = 0AEECC422A84740A003370A2 /* Products */;
			projectDirPath = "";
			projectRoot = "";
			targets = (
				0AEECC402A847409003370A2 /* JongGangTime */,
			);
		};
/* End PBXProject section */

/* Begin PBXResourcesBuildPhase section */
		0AEECC3F2A847409003370A2 /* Resources */ = {
			isa = PBXResourcesBuildPhase;
			buildActionMask = 2147483647;
			files = (
				0AEECC512A84740A003370A2 /* LaunchScreen.storyboard in Resources */,
				0AEECC4E2A84740A003370A2 /* Assets.xcassets in Resources */,
				0AEECC4C2A84740A003370A2 /* Main.storyboard in Resources */,
			);
			runOnlyForDeploymentPostprocessing = 0;
		};
/* End PBXResourcesBuildPhase section */

/* Begin PBXShellScriptBuildPhase section */
		BE53157C76D8D1D0B3725A96 /* [CP] Check Pods Manifest.lock */ = {
			isa = PBXShellScriptBuildPhase;
			buildActionMask = 2147483647;
			files = (
			);
			inputFileListPaths = (
			);
			inputPaths = (
				"${PODS_PODFILE_DIR_PATH}/Podfile.lock",
				"${PODS_ROOT}/Manifest.lock",
			);
			name = "[CP] Check Pods Manifest.lock";
			outputFileListPaths = (
			);
			outputPaths = (
				"$(DERIVED_FILE_DIR)/Pods-JongGangTime-checkManifestLockResult.txt",
			);
			runOnlyForDeploymentPostprocessing = 0;
			shellPath = /bin/sh;
			shellScript = "diff \"${PODS_PODFILE_DIR_PATH}/Podfile.lock\" \"${PODS_ROOT}/Manifest.lock\" > /dev/null\nif [ $? != 0 ] ; then\n    # print error to STDERR\n    echo \"error: The sandbox is not in sync with the Podfile.lock. Run 'pod install' or update your CocoaPods installation.\" >&2\n    exit 1\nfi\n# This output is used by Xcode 'outputs' to avoid re-running this script phase.\necho \"SUCCESS\" > \"${SCRIPT_OUTPUT_FILE_0}\"\n";
			showEnvVarsInLog = 0;
		};
/* End PBXShellScriptBuildPhase section */

/* Begin PBXSourcesBuildPhase section */
		0AEECC3D2A847409003370A2 /* Sources */ = {
			isa = PBXSourcesBuildPhase;
			buildActionMask = 2147483647;
			files = (
				0AAAD3CA2A8CA768006DF9FB /* FindFriendTableViewCell.swift in Sources */,
				0AEECC6C2A85E100003370A2 /* LoginViewController.swift in Sources */,
				0AEECC6E2A85E880003370A2 /* PaddingtextField.swift in Sources */,
				0AD19A632A88CF9800949315 /* APICaller.swift in Sources */,
				0AEECC622A85BAFA003370A2 /* FriendsTabViewController.swift in Sources */,
				0A9130E12A8A0EEE003EDF6E /* CategoryCollectionViewCell.swift in Sources */,
				0AEECC662A85BB38003370A2 /* CourseTableViewController.swift in Sources */,
				0AEECC452A84740A003370A2 /* AppDelegate.swift in Sources */,
				0AAAD3DF2A8D701A006DF9FB /* CertificateViewController.swift in Sources */,
				0AAAD3DD2A8D6A80006DF9FB /* CompleteCourseTableViewCell.swift in Sources */,
				0AEA3BF82A8C59100002D70D /* MyFriendTableViewCell.swift in Sources */,
				0A6115A32A89E6540065CFEC /* PaddingLabel.swift in Sources */,
				0AAAD3D52A8D17EA006DF9FB /* ExtenStionUIColor.swift in Sources */,
				0AD19A662A88D1B200949315 /* CourseTableViewCell.swift in Sources */,
				0A6115A62A89F0500065CFEC /* Course.swift in Sources */,
				0AAAD3D72A8D3E35006DF9FB /* SelectDayViewController.swift in Sources */,
				0AAAD3D32A8D0A32006DF9FB /* SetTimeCategoryCollectionViewCell.swift in Sources */,
				0AEECC5C2A847775003370A2 /* TapBarController.swift in Sources */,
				0AAAD3C82A8C9517006DF9FB /* FriendTimeTableViewController.swift in Sources */,
				0AEECC702A85E99D003370A2 /* registerViewController.swift in Sources */,
				0AEECC682A85BB48003370A2 /* MyPageTabViewController.swift in Sources */,
				0A0D05202A8B25DC00DC11D7 /* DetailCategoryCollectionViewCell.swift in Sources */,
				0A0D051C2A8B17CB00DC11D7 /* CourseDetail.swift in Sources */,
				0A1EA7652A87659C0044CE89 /* ViewControllerExtension.swift in Sources */,
				0AB079702A8B44440066968B /* PostRegisterInfo.swift in Sources */,
				0AB079722A8B4D210066968B /* LoginUserInfo.swift in Sources */,
				0AEA3BFA2A8C5E100002D70D /* ScrollViewExtension.swift in Sources */,
				0AB079762A8BB7380066968B /* FriendTableViewCell.swift in Sources */,
				0A530FC42A8A2DC400B66D0E /* DetailCourseViewController.swift in Sources */,
				0AEECC642A85BB24003370A2 /* CalendarTabViewController.swift in Sources */,
				0AAAD3D02A8CF2A0006DF9FB /* BottomSheetUIView.swift in Sources */,
				0AB0796D2A8B432E0066968B /* RegisterUserInfo.swift in Sources */,
				0AB079782A8BC27D0066968B /* FriendRequestTableViewCell.swift in Sources */,
				0AAAD3DB2A8D43DA006DF9FB /* DataTransferDelegate.swift in Sources */,
				0AB079742A8B4DCC0066968B /* PostLoginInfo.swift in Sources */,
				0A6115A82A89F87F0065CFEC /* CourseRegisterViewController.swift in Sources */,
				0AAAD3C62A8C8ADF006DF9FB /* LogoView.swift in Sources */,
				0AEECC472A84740A003370A2 /* SceneDelegate.swift in Sources */,
				0AAAD3CC2A8CB0D8006DF9FB /* SettingCourseTimeViewController.swift in Sources */,
				0AEECC6A2A85BF4E003370A2 /* UIImageExtension.swift in Sources */,
				0AAAD3CE2A8CC1DE006DF9FB /* TimeComponentTableViewCell.swift in Sources */,
				0A0D051E2A8B223E00DC11D7 /* Category.swift in Sources */,
			);
			runOnlyForDeploymentPostprocessing = 0;
		};
/* End PBXSourcesBuildPhase section */

/* Begin PBXVariantGroup section */
		0AEECC4A2A84740A003370A2 /* Main.storyboard */ = {
			isa = PBXVariantGroup;
			children = (
				0AEECC4B2A84740A003370A2 /* Base */,
			);
			name = Main.storyboard;
			sourceTree = "<group>";
		};
		0AEECC4F2A84740A003370A2 /* LaunchScreen.storyboard */ = {
			isa = PBXVariantGroup;
			children = (
				0AEECC502A84740A003370A2 /* Base */,
			);
			name = LaunchScreen.storyboard;
			sourceTree = "<group>";
		};
/* End PBXVariantGroup section */

/* Begin XCBuildConfiguration section */
		0AEECC532A84740A003370A2 /* Debug */ = {
			isa = XCBuildConfiguration;
			buildSettings = {
				ALWAYS_SEARCH_USER_PATHS = NO;
				CLANG_ANALYZER_NONNULL = YES;
				CLANG_ANALYZER_NUMBER_OBJECT_CONVERSION = YES_AGGRESSIVE;
				CLANG_CXX_LANGUAGE_STANDARD = "gnu++20";
				CLANG_ENABLE_MODULES = YES;
				CLANG_ENABLE_OBJC_ARC = YES;
				CLANG_ENABLE_OBJC_WEAK = YES;
				CLANG_WARN_BLOCK_CAPTURE_AUTORELEASING = YES;
				CLANG_WARN_BOOL_CONVERSION = YES;
				CLANG_WARN_COMMA = YES;
				CLANG_WARN_CONSTANT_CONVERSION = YES;
				CLANG_WARN_DEPRECATED_OBJC_IMPLEMENTATIONS = YES;
				CLANG_WARN_DIRECT_OBJC_ISA_USAGE = YES_ERROR;
				CLANG_WARN_DOCUMENTATION_COMMENTS = YES;
				CLANG_WARN_EMPTY_BODY = YES;
				CLANG_WARN_ENUM_CONVERSION = YES;
				CLANG_WARN_INFINITE_RECURSION = YES;
				CLANG_WARN_INT_CONVERSION = YES;
				CLANG_WARN_NON_LITERAL_NULL_CONVERSION = YES;
				CLANG_WARN_OBJC_IMPLICIT_RETAIN_SELF = YES;
				CLANG_WARN_OBJC_LITERAL_CONVERSION = YES;
				CLANG_WARN_OBJC_ROOT_CLASS = YES_ERROR;
				CLANG_WARN_QUOTED_INCLUDE_IN_FRAMEWORK_HEADER = YES;
				CLANG_WARN_RANGE_LOOP_ANALYSIS = YES;
				CLANG_WARN_STRICT_PROTOTYPES = YES;
				CLANG_WARN_SUSPICIOUS_MOVE = YES;
				CLANG_WARN_UNGUARDED_AVAILABILITY = YES_AGGRESSIVE;
				CLANG_WARN_UNREACHABLE_CODE = YES;
				CLANG_WARN__DUPLICATE_METHOD_MATCH = YES;
				COPY_PHASE_STRIP = NO;
				DEBUG_INFORMATION_FORMAT = dwarf;
				ENABLE_STRICT_OBJC_MSGSEND = YES;
				ENABLE_TESTABILITY = YES;
				GCC_C_LANGUAGE_STANDARD = gnu11;
				GCC_DYNAMIC_NO_PIC = NO;
				GCC_NO_COMMON_BLOCKS = YES;
				GCC_OPTIMIZATION_LEVEL = 0;
				GCC_PREPROCESSOR_DEFINITIONS = (
					"DEBUG=1",
					"$(inherited)",
				);
				GCC_WARN_64_TO_32_BIT_CONVERSION = YES;
				GCC_WARN_ABOUT_RETURN_TYPE = YES_ERROR;
				GCC_WARN_UNDECLARED_SELECTOR = YES;
				GCC_WARN_UNINITIALIZED_AUTOS = YES_AGGRESSIVE;
				GCC_WARN_UNUSED_FUNCTION = YES;
				GCC_WARN_UNUSED_VARIABLE = YES;
				IPHONEOS_DEPLOYMENT_TARGET = 16.4;
				MTL_ENABLE_DEBUG_INFO = INCLUDE_SOURCE;
				MTL_FAST_MATH = YES;
				ONLY_ACTIVE_ARCH = YES;
				SDKROOT = iphoneos;
				SWIFT_ACTIVE_COMPILATION_CONDITIONS = DEBUG;
				SWIFT_OPTIMIZATION_LEVEL = "-Onone";
			};
			name = Debug;
		};
		0AEECC542A84740A003370A2 /* Release */ = {
			isa = XCBuildConfiguration;
			buildSettings = {
				ALWAYS_SEARCH_USER_PATHS = NO;
				CLANG_ANALYZER_NONNULL = YES;
				CLANG_ANALYZER_NUMBER_OBJECT_CONVERSION = YES_AGGRESSIVE;
				CLANG_CXX_LANGUAGE_STANDARD = "gnu++20";
				CLANG_ENABLE_MODULES = YES;
				CLANG_ENABLE_OBJC_ARC = YES;
				CLANG_ENABLE_OBJC_WEAK = YES;
				CLANG_WARN_BLOCK_CAPTURE_AUTORELEASING = YES;
				CLANG_WARN_BOOL_CONVERSION = YES;
				CLANG_WARN_COMMA = YES;
				CLANG_WARN_CONSTANT_CONVERSION = YES;
				CLANG_WARN_DEPRECATED_OBJC_IMPLEMENTATIONS = YES;
				CLANG_WARN_DIRECT_OBJC_ISA_USAGE = YES_ERROR;
				CLANG_WARN_DOCUMENTATION_COMMENTS = YES;
				CLANG_WARN_EMPTY_BODY = YES;
				CLANG_WARN_ENUM_CONVERSION = YES;
				CLANG_WARN_INFINITE_RECURSION = YES;
				CLANG_WARN_INT_CONVERSION = YES;
				CLANG_WARN_NON_LITERAL_NULL_CONVERSION = YES;
				CLANG_WARN_OBJC_IMPLICIT_RETAIN_SELF = YES;
				CLANG_WARN_OBJC_LITERAL_CONVERSION = YES;
				CLANG_WARN_OBJC_ROOT_CLASS = YES_ERROR;
				CLANG_WARN_QUOTED_INCLUDE_IN_FRAMEWORK_HEADER = YES;
				CLANG_WARN_RANGE_LOOP_ANALYSIS = YES;
				CLANG_WARN_STRICT_PROTOTYPES = YES;
				CLANG_WARN_SUSPICIOUS_MOVE = YES;
				CLANG_WARN_UNGUARDED_AVAILABILITY = YES_AGGRESSIVE;
				CLANG_WARN_UNREACHABLE_CODE = YES;
				CLANG_WARN__DUPLICATE_METHOD_MATCH = YES;
				COPY_PHASE_STRIP = NO;
				DEBUG_INFORMATION_FORMAT = "dwarf-with-dsym";
				ENABLE_NS_ASSERTIONS = NO;
				ENABLE_STRICT_OBJC_MSGSEND = YES;
				GCC_C_LANGUAGE_STANDARD = gnu11;
				GCC_NO_COMMON_BLOCKS = YES;
				GCC_WARN_64_TO_32_BIT_CONVERSION = YES;
				GCC_WARN_ABOUT_RETURN_TYPE = YES_ERROR;
				GCC_WARN_UNDECLARED_SELECTOR = YES;
				GCC_WARN_UNINITIALIZED_AUTOS = YES_AGGRESSIVE;
				GCC_WARN_UNUSED_FUNCTION = YES;
				GCC_WARN_UNUSED_VARIABLE = YES;
				IPHONEOS_DEPLOYMENT_TARGET = 16.4;
				MTL_ENABLE_DEBUG_INFO = NO;
				MTL_FAST_MATH = YES;
				SDKROOT = iphoneos;
				SWIFT_COMPILATION_MODE = wholemodule;
				SWIFT_OPTIMIZATION_LEVEL = "-O";
				VALIDATE_PRODUCT = YES;
			};
			name = Release;
		};
		0AEECC562A84740A003370A2 /* Debug */ = {
			isa = XCBuildConfiguration;
			baseConfigurationReference = 2D955AA1CCC50F3AB293A27D /* Pods-JongGangTime.debug.xcconfig */;
			buildSettings = {
				ASSETCATALOG_COMPILER_APPICON_NAME = AppIcon;
				ASSETCATALOG_COMPILER_GLOBAL_ACCENT_COLOR_NAME = AccentColor;
				CODE_SIGN_STYLE = Automatic;
				CURRENT_PROJECT_VERSION = 1;
				DEVELOPMENT_TEAM = D4B7MZD5ZU;
				GENERATE_INFOPLIST_FILE = YES;
				INFOPLIST_FILE = JongGangTime/Info.plist;
				INFOPLIST_KEY_UIApplicationSupportsIndirectInputEvents = YES;
				INFOPLIST_KEY_UILaunchStoryboardName = LaunchScreen;
				INFOPLIST_KEY_UIMainStoryboardFile = Main;
				INFOPLIST_KEY_UISupportedInterfaceOrientations_iPad = "UIInterfaceOrientationPortrait UIInterfaceOrientationPortraitUpsideDown UIInterfaceOrientationLandscapeLeft UIInterfaceOrientationLandscapeRight";
				INFOPLIST_KEY_UISupportedInterfaceOrientations_iPhone = "UIInterfaceOrientationPortrait UIInterfaceOrientationLandscapeLeft UIInterfaceOrientationLandscapeRight";
				IPHONEOS_DEPLOYMENT_TARGET = 16.4;
				LD_RUNPATH_SEARCH_PATHS = (
					"$(inherited)",
					"@executable_path/Frameworks",
				);
				MARKETING_VERSION = 1.0;
				PRODUCT_BUNDLE_IDENTIFIER = encoreJeong.JongGangTime;
				PRODUCT_NAME = "$(TARGET_NAME)";
				SWIFT_EMIT_LOC_STRINGS = YES;
				SWIFT_VERSION = 5.0;
				TARGETED_DEVICE_FAMILY = "1,2";
			};
			name = Debug;
		};
		0AEECC572A84740A003370A2 /* Release */ = {
			isa = XCBuildConfiguration;
			baseConfigurationReference = 80CE2A5C1D57F178BFED0809 /* Pods-JongGangTime.release.xcconfig */;
			buildSettings = {
				ASSETCATALOG_COMPILER_APPICON_NAME = AppIcon;
				ASSETCATALOG_COMPILER_GLOBAL_ACCENT_COLOR_NAME = AccentColor;
				CODE_SIGN_STYLE = Automatic;
				CURRENT_PROJECT_VERSION = 1;
				DEVELOPMENT_TEAM = D4B7MZD5ZU;
				GENERATE_INFOPLIST_FILE = YES;
				INFOPLIST_FILE = JongGangTime/Info.plist;
				INFOPLIST_KEY_UIApplicationSupportsIndirectInputEvents = YES;
				INFOPLIST_KEY_UILaunchStoryboardName = LaunchScreen;
				INFOPLIST_KEY_UIMainStoryboardFile = Main;
				INFOPLIST_KEY_UISupportedInterfaceOrientations_iPad = "UIInterfaceOrientationPortrait UIInterfaceOrientationPortraitUpsideDown UIInterfaceOrientationLandscapeLeft UIInterfaceOrientationLandscapeRight";
				INFOPLIST_KEY_UISupportedInterfaceOrientations_iPhone = "UIInterfaceOrientationPortrait UIInterfaceOrientationLandscapeLeft UIInterfaceOrientationLandscapeRight";
				IPHONEOS_DEPLOYMENT_TARGET = 16.4;
				LD_RUNPATH_SEARCH_PATHS = (
					"$(inherited)",
					"@executable_path/Frameworks",
				);
				MARKETING_VERSION = 1.0;
				PRODUCT_BUNDLE_IDENTIFIER = encoreJeong.JongGangTime;
				PRODUCT_NAME = "$(TARGET_NAME)";
				SWIFT_EMIT_LOC_STRINGS = YES;
				SWIFT_VERSION = 5.0;
				TARGETED_DEVICE_FAMILY = "1,2";
			};
			name = Release;
		};
/* End XCBuildConfiguration section */

/* Begin XCConfigurationList section */
		0AEECC3C2A847409003370A2 /* Build configuration list for PBXProject "JongGangTime" */ = {
			isa = XCConfigurationList;
			buildConfigurations = (
				0AEECC532A84740A003370A2 /* Debug */,
				0AEECC542A84740A003370A2 /* Release */,
			);
			defaultConfigurationIsVisible = 0;
			defaultConfigurationName = Release;
		};
		0AEECC552A84740A003370A2 /* Build configuration list for PBXNativeTarget "JongGangTime" */ = {
			isa = XCConfigurationList;
			buildConfigurations = (
				0AEECC562A84740A003370A2 /* Debug */,
				0AEECC572A84740A003370A2 /* Release */,
			);
			defaultConfigurationIsVisible = 0;
			defaultConfigurationName = Release;
		};
/* End XCConfigurationList section */
	};
	rootObject = 0AEECC392A847409003370A2 /* Project object */;
}
